// !$*UTF8*$!
{
	archiveVersion = 1;
	classes = {
	};
	objectVersion = 48;
	objects = {

/* Begin PBXBuildFile section */
		1C7456BF2056E10B00282B51 /* Pixeled.ttf in Resources */ = {isa = PBXBuildFile; fileRef = 1C7456BE2056E10700282B51 /* Pixeled.ttf */; };
		1C7456C32057CFDE00282B51 /* EndScene.swift in Sources */ = {isa = PBXBuildFile; fileRef = 1C7456C22057CFDE00282B51 /* EndScene.swift */; };
		25A9E2B8205664AF0068B453 /* Constants.swift in Sources */ = {isa = PBXBuildFile; fileRef = 25A9E2B7205664AF0068B453 /* Constants.swift */; };
		25A9E2BA205665660068B453 /* Ladder.swift in Sources */ = {isa = PBXBuildFile; fileRef = 25A9E2B9205665660068B453 /* Ladder.swift */; };
		25A9E2BC2056658E0068B453 /* Platform.swift in Sources */ = {isa = PBXBuildFile; fileRef = 25A9E2BB2056658E0068B453 /* Platform.swift */; };
		FF25505E205286FD00DC06BD /* Barrel.swift in Sources */ = {isa = PBXBuildFile; fileRef = FF25505D205286FD00DC06BD /* Barrel.swift */; };
		FF2550642052876400DC06BD /* GameManager.swift in Sources */ = {isa = PBXBuildFile; fileRef = FF2550632052876400DC06BD /* GameManager.swift */; };
		FF5325EC20514EFE00F498A1 /* AppDelegate.swift in Sources */ = {isa = PBXBuildFile; fileRef = FF5325EB20514EFE00F498A1 /* AppDelegate.swift */; };
		FF5325F220514EFE00F498A1 /* GameScene.swift in Sources */ = {isa = PBXBuildFile; fileRef = FF5325F120514EFE00F498A1 /* GameScene.swift */; };
		FF5325F420514EFE00F498A1 /* GameViewController.swift in Sources */ = {isa = PBXBuildFile; fileRef = FF5325F320514EFE00F498A1 /* GameViewController.swift */; };
		FF5325F720514EFE00F498A1 /* Main.storyboard in Resources */ = {isa = PBXBuildFile; fileRef = FF5325F520514EFE00F498A1 /* Main.storyboard */; };
		FF5325F920514EFE00F498A1 /* Assets.xcassets in Resources */ = {isa = PBXBuildFile; fileRef = FF5325F820514EFE00F498A1 /* Assets.xcassets */; };
		FF5325FC20514EFE00F498A1 /* LaunchScreen.storyboard in Resources */ = {isa = PBXBuildFile; fileRef = FF5325FA20514EFE00F498A1 /* LaunchScreen.storyboard */; };
		FF53260720514EFF00F498A1 /* Perchiazzi_KongTests.swift in Sources */ = {isa = PBXBuildFile; fileRef = FF53260620514EFF00F498A1 /* Perchiazzi_KongTests.swift */; };
		FF53261220514EFF00F498A1 /* Perchiazzi_KongUITests.swift in Sources */ = {isa = PBXBuildFile; fileRef = FF53261120514EFF00F498A1 /* Perchiazzi_KongUITests.swift */; };
		FFCCD1AE2056C29900F5D573 /* Player.swift in Sources */ = {isa = PBXBuildFile; fileRef = FFCCD1AC2056C29900F5D573 /* Player.swift */; };
		FFCCD1AF2056C29900F5D573 /* HUD.swift in Sources */ = {isa = PBXBuildFile; fileRef = FFCCD1AD2056C29900F5D573 /* HUD.swift */; };
/* End PBXBuildFile section */

/* Begin PBXContainerItemProxy section */
		FF53260320514EFF00F498A1 /* PBXContainerItemProxy */ = {
			isa = PBXContainerItemProxy;
			containerPortal = FF5325E020514EFE00F498A1 /* Project object */;
			proxyType = 1;
			remoteGlobalIDString = FF5325E720514EFE00F498A1;
			remoteInfo = "Perchiazzi Kong";
		};
		FF53260E20514EFF00F498A1 /* PBXContainerItemProxy */ = {
			isa = PBXContainerItemProxy;
			containerPortal = FF5325E020514EFE00F498A1 /* Project object */;
			proxyType = 1;
			remoteGlobalIDString = FF5325E720514EFE00F498A1;
			remoteInfo = "Perchiazzi Kong";
		};
/* End PBXContainerItemProxy section */

/* Begin PBXFileReference section */
		1C7456BE2056E10700282B51 /* Pixeled.ttf */ = {isa = PBXFileReference; lastKnownFileType = file; path = Pixeled.ttf; sourceTree = "<group>"; };
		1C7456C22057CFDE00282B51 /* EndScene.swift */ = {isa = PBXFileReference; lastKnownFileType = sourcecode.swift; path = EndScene.swift; sourceTree = "<group>"; };
		25A9E2B7205664AF0068B453 /* Constants.swift */ = {isa = PBXFileReference; lastKnownFileType = sourcecode.swift; path = Constants.swift; sourceTree = "<group>"; };
		25A9E2B9205665660068B453 /* Ladder.swift */ = {isa = PBXFileReference; lastKnownFileType = sourcecode.swift; path = Ladder.swift; sourceTree = "<group>"; };
		25A9E2BB2056658E0068B453 /* Platform.swift */ = {isa = PBXFileReference; lastKnownFileType = sourcecode.swift; path = Platform.swift; sourceTree = "<group>"; };
		FF25505D205286FD00DC06BD /* Barrel.swift */ = {isa = PBXFileReference; lastKnownFileType = sourcecode.swift; path = Barrel.swift; sourceTree = "<group>"; };
		FF2550632052876400DC06BD /* GameManager.swift */ = {isa = PBXFileReference; lastKnownFileType = sourcecode.swift; path = GameManager.swift; sourceTree = "<group>"; };
		FF5325E820514EFE00F498A1 /* Perchiazzi Kong.app */ = {isa = PBXFileReference; explicitFileType = wrapper.application; includeInIndex = 0; path = "Perchiazzi Kong.app"; sourceTree = BUILT_PRODUCTS_DIR; };
		FF5325EB20514EFE00F498A1 /* AppDelegate.swift */ = {isa = PBXFileReference; lastKnownFileType = sourcecode.swift; path = AppDelegate.swift; sourceTree = "<group>"; };
		FF5325F120514EFE00F498A1 /* GameScene.swift */ = {isa = PBXFileReference; lastKnownFileType = sourcecode.swift; path = GameScene.swift; sourceTree = "<group>"; };
		FF5325F320514EFE00F498A1 /* GameViewController.swift */ = {isa = PBXFileReference; lastKnownFileType = sourcecode.swift; path = GameViewController.swift; sourceTree = "<group>"; };
		FF5325F620514EFE00F498A1 /* Base */ = {isa = PBXFileReference; lastKnownFileType = file.storyboard; name = Base; path = Base.lproj/Main.storyboard; sourceTree = "<group>"; };
		FF5325F820514EFE00F498A1 /* Assets.xcassets */ = {isa = PBXFileReference; lastKnownFileType = folder.assetcatalog; path = Assets.xcassets; sourceTree = "<group>"; };
		FF5325FB20514EFE00F498A1 /* Base */ = {isa = PBXFileReference; lastKnownFileType = file.storyboard; name = Base; path = Base.lproj/LaunchScreen.storyboard; sourceTree = "<group>"; };
		FF5325FD20514EFE00F498A1 /* Info.plist */ = {isa = PBXFileReference; lastKnownFileType = text.plist.xml; path = Info.plist; sourceTree = "<group>"; };
		FF53260220514EFF00F498A1 /* Perchiazzi KongTests.xctest */ = {isa = PBXFileReference; explicitFileType = wrapper.cfbundle; includeInIndex = 0; path = "Perchiazzi KongTests.xctest"; sourceTree = BUILT_PRODUCTS_DIR; };
		FF53260620514EFF00F498A1 /* Perchiazzi_KongTests.swift */ = {isa = PBXFileReference; lastKnownFileType = sourcecode.swift; path = Perchiazzi_KongTests.swift; sourceTree = "<group>"; };
		FF53260820514EFF00F498A1 /* Info.plist */ = {isa = PBXFileReference; lastKnownFileType = text.plist.xml; path = Info.plist; sourceTree = "<group>"; };
		FF53260D20514EFF00F498A1 /* Perchiazzi KongUITests.xctest */ = {isa = PBXFileReference; explicitFileType = wrapper.cfbundle; includeInIndex = 0; path = "Perchiazzi KongUITests.xctest"; sourceTree = BUILT_PRODUCTS_DIR; };
		FF53261120514EFF00F498A1 /* Perchiazzi_KongUITests.swift */ = {isa = PBXFileReference; lastKnownFileType = sourcecode.swift; path = Perchiazzi_KongUITests.swift; sourceTree = "<group>"; };
		FF53261320514EFF00F498A1 /* Info.plist */ = {isa = PBXFileReference; lastKnownFileType = text.plist.xml; path = Info.plist; sourceTree = "<group>"; };
		FFCCD1AC2056C29900F5D573 /* Player.swift */ = {isa = PBXFileReference; fileEncoding = 4; lastKnownFileType = sourcecode.swift; path = Player.swift; sourceTree = "<group>"; };
		FFCCD1AD2056C29900F5D573 /* HUD.swift */ = {isa = PBXFileReference; fileEncoding = 4; lastKnownFileType = sourcecode.swift; path = HUD.swift; sourceTree = "<group>"; };
/* End PBXFileReference section */

/* Begin PBXFrameworksBuildPhase section */
		FF5325E520514EFE00F498A1 /* Frameworks */ = {
			isa = PBXFrameworksBuildPhase;
			buildActionMask = 2147483647;
			files = (
			);
			runOnlyForDeploymentPostprocessing = 0;
		};
		FF5325FF20514EFF00F498A1 /* Frameworks */ = {
			isa = PBXFrameworksBuildPhase;
			buildActionMask = 2147483647;
			files = (
			);
			runOnlyForDeploymentPostprocessing = 0;
		};
		FF53260A20514EFF00F498A1 /* Frameworks */ = {
			isa = PBXFrameworksBuildPhase;
			buildActionMask = 2147483647;
			files = (
			);
			runOnlyForDeploymentPostprocessing = 0;
		};
/* End PBXFrameworksBuildPhase section */

/* Begin PBXGroup section */
		FF255053205286A000DC06BD /* Controller */ = {
			isa = PBXGroup;
			children = (
				FF5325F320514EFE00F498A1 /* GameViewController.swift */,
				FF2550632052876400DC06BD /* GameManager.swift */,
			);
			path = Controller;
			sourceTree = "<group>";
		};
		FF255054205286AE00DC06BD /* Scenes */ = {
			isa = PBXGroup;
			children = (
				FF5325F120514EFE00F498A1 /* GameScene.swift */,
				1C7456C22057CFDE00282B51 /* EndScene.swift */,
			);
			path = Scenes;
			sourceTree = "<group>";
		};
		FF255055205286C400DC06BD /* Nodes */ = {
			isa = PBXGroup;
			children = (
				FFCCD1AD2056C29900F5D573 /* HUD.swift */,
				FFCCD1AC2056C29900F5D573 /* Player.swift */,
				FF25505D205286FD00DC06BD /* Barrel.swift */,
				25A9E2B9205665660068B453 /* Ladder.swift */,
				25A9E2BB2056658E0068B453 /* Platform.swift */,
			);
			path = Nodes;
			sourceTree = "<group>";
		};
		FF5325DF20514EFE00F498A1 = {
			isa = PBXGroup;
			children = (
				FF5325EA20514EFE00F498A1 /* Perchiazzi Kong */,
				FF53260520514EFF00F498A1 /* Perchiazzi KongTests */,
				FF53261020514EFF00F498A1 /* Perchiazzi KongUITests */,
				FF5325E920514EFE00F498A1 /* Products */,
			);
			sourceTree = "<group>";
		};
		FF5325E920514EFE00F498A1 /* Products */ = {
			isa = PBXGroup;
			children = (
				FF5325E820514EFE00F498A1 /* Perchiazzi Kong.app */,
				FF53260220514EFF00F498A1 /* Perchiazzi KongTests.xctest */,
				FF53260D20514EFF00F498A1 /* Perchiazzi KongUITests.xctest */,
			);
			name = Products;
			sourceTree = "<group>";
		};
		FF5325EA20514EFE00F498A1 /* Perchiazzi Kong */ = {
			isa = PBXGroup;
			children = (
				1C7456BE2056E10700282B51 /* Pixeled.ttf */,
				25A9E2B7205664AF0068B453 /* Constants.swift */,
				FF5325EB20514EFE00F498A1 /* AppDelegate.swift */,
				FF255055205286C400DC06BD /* Nodes */,
				FF255054205286AE00DC06BD /* Scenes */,
				FF255053205286A000DC06BD /* Controller */,
				FF5325F520514EFE00F498A1 /* Main.storyboard */,
				FF5325F820514EFE00F498A1 /* Assets.xcassets */,
				FF5325FA20514EFE00F498A1 /* LaunchScreen.storyboard */,
				FF5325FD20514EFE00F498A1 /* Info.plist */,
			);
			path = "Perchiazzi Kong";
			sourceTree = "<group>";
		};
		FF53260520514EFF00F498A1 /* Perchiazzi KongTests */ = {
			isa = PBXGroup;
			children = (
				FF53260620514EFF00F498A1 /* Perchiazzi_KongTests.swift */,
				FF53260820514EFF00F498A1 /* Info.plist */,
			);
			path = "Perchiazzi KongTests";
			sourceTree = "<group>";
		};
		FF53261020514EFF00F498A1 /* Perchiazzi KongUITests */ = {
			isa = PBXGroup;
			children = (
				FF53261120514EFF00F498A1 /* Perchiazzi_KongUITests.swift */,
				FF53261320514EFF00F498A1 /* Info.plist */,
			);
			path = "Perchiazzi KongUITests";
			sourceTree = "<group>";
		};
/* End PBXGroup section */

/* Begin PBXNativeTarget section */
		FF5325E720514EFE00F498A1 /* Perchiazzi Kong */ = {
			isa = PBXNativeTarget;
			buildConfigurationList = FF53261620514EFF00F498A1 /* Build configuration list for PBXNativeTarget "Perchiazzi Kong" */;
			buildPhases = (
				FF5325E420514EFE00F498A1 /* Sources */,
				FF5325E520514EFE00F498A1 /* Frameworks */,
				FF5325E620514EFE00F498A1 /* Resources */,
			);
			buildRules = (
			);
			dependencies = (
			);
			name = "Perchiazzi Kong";
			productName = "Perchiazzi Kong";
			productReference = FF5325E820514EFE00F498A1 /* Perchiazzi Kong.app */;
			productType = "com.apple.product-type.application";
		};
		FF53260120514EFF00F498A1 /* Perchiazzi KongTests */ = {
			isa = PBXNativeTarget;
			buildConfigurationList = FF53261920514EFF00F498A1 /* Build configuration list for PBXNativeTarget "Perchiazzi KongTests" */;
			buildPhases = (
				FF5325FE20514EFF00F498A1 /* Sources */,
				FF5325FF20514EFF00F498A1 /* Frameworks */,
				FF53260020514EFF00F498A1 /* Resources */,
			);
			buildRules = (
			);
			dependencies = (
				FF53260420514EFF00F498A1 /* PBXTargetDependency */,
			);
			name = "Perchiazzi KongTests";
			productName = "Perchiazzi KongTests";
			productReference = FF53260220514EFF00F498A1 /* Perchiazzi KongTests.xctest */;
			productType = "com.apple.product-type.bundle.unit-test";
		};
		FF53260C20514EFF00F498A1 /* Perchiazzi KongUITests */ = {
			isa = PBXNativeTarget;
			buildConfigurationList = FF53261C20514EFF00F498A1 /* Build configuration list for PBXNativeTarget "Perchiazzi KongUITests" */;
			buildPhases = (
				FF53260920514EFF00F498A1 /* Sources */,
				FF53260A20514EFF00F498A1 /* Frameworks */,
				FF53260B20514EFF00F498A1 /* Resources */,
			);
			buildRules = (
			);
			dependencies = (
				FF53260F20514EFF00F498A1 /* PBXTargetDependency */,
			);
			name = "Perchiazzi KongUITests";
			productName = "Perchiazzi KongUITests";
			productReference = FF53260D20514EFF00F498A1 /* Perchiazzi KongUITests.xctest */;
			productType = "com.apple.product-type.bundle.ui-testing";
		};
/* End PBXNativeTarget section */

/* Begin PBXProject section */
		FF5325E020514EFE00F498A1 /* Project object */ = {
			isa = PBXProject;
			attributes = {
				LastSwiftUpdateCheck = 0920;
				LastUpgradeCheck = 0920;
				ORGANIZATIONNAME = "Simone Garuglieri";
				TargetAttributes = {
					FF5325E720514EFE00F498A1 = {
						CreatedOnToolsVersion = 9.2;
						ProvisioningStyle = Automatic;
					};
					FF53260120514EFF00F498A1 = {
						CreatedOnToolsVersion = 9.2;
						ProvisioningStyle = Automatic;
						TestTargetID = FF5325E720514EFE00F498A1;
					};
					FF53260C20514EFF00F498A1 = {
						CreatedOnToolsVersion = 9.2;
						ProvisioningStyle = Automatic;
						TestTargetID = FF5325E720514EFE00F498A1;
					};
				};
			};
			buildConfigurationList = FF5325E320514EFE00F498A1 /* Build configuration list for PBXProject "Perchiazzi Kong" */;
			compatibilityVersion = "Xcode 8.0";
			developmentRegion = en;
			hasScannedForEncodings = 0;
			knownRegions = (
				en,
				Base,
			);
			mainGroup = FF5325DF20514EFE00F498A1;
			productRefGroup = FF5325E920514EFE00F498A1 /* Products */;
			projectDirPath = "";
			projectRoot = "";
			targets = (
				FF5325E720514EFE00F498A1 /* Perchiazzi Kong */,
				FF53260120514EFF00F498A1 /* Perchiazzi KongTests */,
				FF53260C20514EFF00F498A1 /* Perchiazzi KongUITests */,
			);
		};
/* End PBXProject section */

/* Begin PBXResourcesBuildPhase section */
		FF5325E620514EFE00F498A1 /* Resources */ = {
			isa = PBXResourcesBuildPhase;
			buildActionMask = 2147483647;
			files = (
				FF5325F720514EFE00F498A1 /* Main.storyboard in Resources */,
				FF5325F920514EFE00F498A1 /* Assets.xcassets in Resources */,
				1C7456BF2056E10B00282B51 /* Pixeled.ttf in Resources */,
				FF5325FC20514EFE00F498A1 /* LaunchScreen.storyboard in Resources */,
			);
			runOnlyForDeploymentPostprocessing = 0;
		};
		FF53260020514EFF00F498A1 /* Resources */ = {
			isa = PBXResourcesBuildPhase;
			buildActionMask = 2147483647;
			files = (
			);
			runOnlyForDeploymentPostprocessing = 0;
		};
		FF53260B20514EFF00F498A1 /* Resources */ = {
			isa = PBXResourcesBuildPhase;
			buildActionMask = 2147483647;
			files = (
			);
			runOnlyForDeploymentPostprocessing = 0;
		};
/* End PBXResourcesBuildPhase section */

/* Begin PBXSourcesBuildPhase section */
		FF5325E420514EFE00F498A1 /* Sources */ = {
			isa = PBXSourcesBuildPhase;
			buildActionMask = 2147483647;
			files = (
				25A9E2B8205664AF0068B453 /* Constants.swift in Sources */,
				FFCCD1AF2056C29900F5D573 /* HUD.swift in Sources */,
				FF25505E205286FD00DC06BD /* Barrel.swift in Sources */,
				25A9E2BC2056658E0068B453 /* Platform.swift in Sources */,
				FF5325F220514EFE00F498A1 /* GameScene.swift in Sources */,
				25A9E2BA205665660068B453 /* Ladder.swift in Sources */,
				1C7456C32057CFDE00282B51 /* EndScene.swift in Sources */,
				FF5325F420514EFE00F498A1 /* GameViewController.swift in Sources */,
				FF5325EC20514EFE00F498A1 /* AppDelegate.swift in Sources */,
				FFCCD1AE2056C29900F5D573 /* Player.swift in Sources */,
				FF2550642052876400DC06BD /* GameManager.swift in Sources */,
			);
			runOnlyForDeploymentPostprocessing = 0;
		};
		FF5325FE20514EFF00F498A1 /* Sources */ = {
			isa = PBXSourcesBuildPhase;
			buildActionMask = 2147483647;
			files = (
				FF53260720514EFF00F498A1 /* Perchiazzi_KongTests.swift in Sources */,
			);
			runOnlyForDeploymentPostprocessing = 0;
		};
		FF53260920514EFF00F498A1 /* Sources */ = {
			isa = PBXSourcesBuildPhase;
			buildActionMask = 2147483647;
			files = (
				FF53261220514EFF00F498A1 /* Perchiazzi_KongUITests.swift in Sources */,
			);
			runOnlyForDeploymentPostprocessing = 0;
		};
/* End PBXSourcesBuildPhase section */

/* Begin PBXTargetDependency section */
		FF53260420514EFF00F498A1 /* PBXTargetDependency */ = {
			isa = PBXTargetDependency;
			target = FF5325E720514EFE00F498A1 /* Perchiazzi Kong */;
			targetProxy = FF53260320514EFF00F498A1 /* PBXContainerItemProxy */;
		};
		FF53260F20514EFF00F498A1 /* PBXTargetDependency */ = {
			isa = PBXTargetDependency;
			target = FF5325E720514EFE00F498A1 /* Perchiazzi Kong */;
			targetProxy = FF53260E20514EFF00F498A1 /* PBXContainerItemProxy */;
		};
/* End PBXTargetDependency section */

/* Begin PBXVariantGroup section */
		FF5325F520514EFE00F498A1 /* Main.storyboard */ = {
			isa = PBXVariantGroup;
			children = (
				FF5325F620514EFE00F498A1 /* Base */,
			);
			name = Main.storyboard;
			sourceTree = "<group>";
		};
		FF5325FA20514EFE00F498A1 /* LaunchScreen.storyboard */ = {
			isa = PBXVariantGroup;
			children = (
				FF5325FB20514EFE00F498A1 /* Base */,
			);
			name = LaunchScreen.storyboard;
			sourceTree = "<group>";
		};
/* End PBXVariantGroup section */

/* Begin XCBuildConfiguration section */
		FF53261420514EFF00F498A1 /* Debug */ = {
			isa = XCBuildConfiguration;
			buildSettings = {
				ALWAYS_SEARCH_USER_PATHS = NO;
				CLANG_ANALYZER_NONNULL = YES;
				CLANG_ANALYZER_NUMBER_OBJECT_CONVERSION = YES_AGGRESSIVE;
				CLANG_CXX_LANGUAGE_STANDARD = "gnu++14";
				CLANG_CXX_LIBRARY = "libc++";
				CLANG_ENABLE_MODULES = YES;
				CLANG_ENABLE_OBJC_ARC = YES;
				CLANG_WARN_BLOCK_CAPTURE_AUTORELEASING = YES;
				CLANG_WARN_BOOL_CONVERSION = YES;
				CLANG_WARN_COMMA = YES;
				CLANG_WARN_CONSTANT_CONVERSION = YES;
				CLANG_WARN_DIRECT_OBJC_ISA_USAGE = YES_ERROR;
				CLANG_WARN_DOCUMENTATION_COMMENTS = YES;
				CLANG_WARN_EMPTY_BODY = YES;
				CLANG_WARN_ENUM_CONVERSION = YES;
				CLANG_WARN_INFINITE_RECURSION = YES;
				CLANG_WARN_INT_CONVERSION = YES;
				CLANG_WARN_NON_LITERAL_NULL_CONVERSION = YES;
				CLANG_WARN_OBJC_LITERAL_CONVERSION = YES;
				CLANG_WARN_OBJC_ROOT_CLASS = YES_ERROR;
				CLANG_WARN_RANGE_LOOP_ANALYSIS = YES;
				CLANG_WARN_STRICT_PROTOTYPES = YES;
				CLANG_WARN_SUSPICIOUS_MOVE = YES;
				CLANG_WARN_UNGUARDED_AVAILABILITY = YES_AGGRESSIVE;
				CLANG_WARN_UNREACHABLE_CODE = YES;
				CLANG_WARN__DUPLICATE_METHOD_MATCH = YES;
				CODE_SIGN_IDENTITY = "iPhone Developer";
				COPY_PHASE_STRIP = NO;
				DEBUG_INFORMATION_FORMAT = dwarf;
				ENABLE_STRICT_OBJC_MSGSEND = YES;
				ENABLE_TESTABILITY = YES;
				GCC_C_LANGUAGE_STANDARD = gnu11;
				GCC_DYNAMIC_NO_PIC = NO;
				GCC_NO_COMMON_BLOCKS = YES;
				GCC_OPTIMIZATION_LEVEL = 0;
				GCC_PREPROCESSOR_DEFINITIONS = (
					"DEBUG=1",
					"$(inherited)",
				);
				GCC_WARN_64_TO_32_BIT_CONVERSION = YES;
				GCC_WARN_ABOUT_RETURN_TYPE = YES_ERROR;
				GCC_WARN_UNDECLARED_SELECTOR = YES;
				GCC_WARN_UNINITIALIZED_AUTOS = YES_AGGRESSIVE;
				GCC_WARN_UNUSED_FUNCTION = YES;
				GCC_WARN_UNUSED_VARIABLE = YES;
				IPHONEOS_DEPLOYMENT_TARGET = 11.2;
				MTL_ENABLE_DEBUG_INFO = YES;
				ONLY_ACTIVE_ARCH = YES;
				SDKROOT = iphoneos;
				SWIFT_ACTIVE_COMPILATION_CONDITIONS = DEBUG;
				SWIFT_OPTIMIZATION_LEVEL = "-Onone";
			};
			name = Debug;
		};
		FF53261520514EFF00F498A1 /* Release */ = {
			isa = XCBuildConfiguration;
			buildSettings = {
				ALWAYS_SEARCH_USER_PATHS = NO;
				CLANG_ANALYZER_NONNULL = YES;
				CLANG_ANALYZER_NUMBER_OBJECT_CONVERSION = YES_AGGRESSIVE;
				CLANG_CXX_LANGUAGE_STANDARD = "gnu++14";
				CLANG_CXX_LIBRARY = "libc++";
				CLANG_ENABLE_MODULES = YES;
				CLANG_ENABLE_OBJC_ARC = YES;
				CLANG_WARN_BLOCK_CAPTURE_AUTORELEASING = YES;
				CLANG_WARN_BOOL_CONVERSION = YES;
				CLANG_WARN_COMMA = YES;
				CLANG_WARN_CONSTANT_CONVERSION = YES;
				CLANG_WARN_DIRECT_OBJC_ISA_USAGE = YES_ERROR;
				CLANG_WARN_DOCUMENTATION_COMMENTS = YES;
				CLANG_WARN_EMPTY_BODY = YES;
				CLANG_WARN_ENUM_CONVERSION = YES;
				CLANG_WARN_INFINITE_RECURSION = YES;
				CLANG_WARN_INT_CONVERSION = YES;
				CLANG_WARN_NON_LITERAL_NULL_CONVERSION = YES;
				CLANG_WARN_OBJC_LITERAL_CONVERSION = YES;
				CLANG_WARN_OBJC_ROOT_CLASS = YES_ERROR;
				CLANG_WARN_RANGE_LOOP_ANALYSIS = YES;
				CLANG_WARN_STRICT_PROTOTYPES = YES;
				CLANG_WARN_SUSPICIOUS_MOVE = YES;
				CLANG_WARN_UNGUARDED_AVAILABILITY = YES_AGGRESSIVE;
				CLANG_WARN_UNREACHABLE_CODE = YES;
				CLANG_WARN__DUPLICATE_METHOD_MATCH = YES;
				CODE_SIGN_IDENTITY = "iPhone Developer";
				COPY_PHASE_STRIP = NO;
				DEBUG_INFORMATION_FORMAT = "dwarf-with-dsym";
				ENABLE_NS_ASSERTIONS = NO;
				ENABLE_STRICT_OBJC_MSGSEND = YES;
				GCC_C_LANGUAGE_STANDARD = gnu11;
				GCC_NO_COMMON_BLOCKS = YES;
				GCC_WARN_64_TO_32_BIT_CONVERSION = YES;
				GCC_WARN_ABOUT_RETURN_TYPE = YES_ERROR;
				GCC_WARN_UNDECLARED_SELECTOR = YES;
				GCC_WARN_UNINITIALIZED_AUTOS = YES_AGGRESSIVE;
				GCC_WARN_UNUSED_FUNCTION = YES;
				GCC_WARN_UNUSED_VARIABLE = YES;
				IPHONEOS_DEPLOYMENT_TARGET = 11.2;
				MTL_ENABLE_DEBUG_INFO = NO;
				SDKROOT = iphoneos;
				SWIFT_OPTIMIZATION_LEVEL = "-Owholemodule";
				VALIDATE_PRODUCT = YES;
			};
			name = Release;
		};
		FF53261720514EFF00F498A1 /* Debug */ = {
			isa = XCBuildConfiguration;
			buildSettings = {
				ASSETCATALOG_COMPILER_APPICON_NAME = AppIcon;
				CODE_SIGN_STYLE = Automatic;
				DEVELOPMENT_TEAM = 283JW7AW6J;
				INFOPLIST_FILE = "Perchiazzi Kong/Info.plist";
				LD_RUNPATH_SEARCH_PATHS = "$(inherited) @executable_path/Frameworks";
				PRODUCT_BUNDLE_IDENTIFIER = "com.simonegaruglieri.Perchiazzi-Kong";
				PRODUCT_NAME = "$(TARGET_NAME)";
				SWIFT_VERSION = 4.0;
				TARGETED_DEVICE_FAMILY = "1,2";
			};
			name = Debug;
		};
		FF53261820514EFF00F498A1 /* Release */ = {
			isa = XCBuildConfiguration;
			buildSettings = {
				ASSETCATALOG_COMPILER_APPICON_NAME = AppIcon;
				CODE_SIGN_STYLE = Automatic;
				DEVELOPMENT_TEAM = 283JW7AW6J;
				INFOPLIST_FILE = "Perchiazzi Kong/Info.plist";
				LD_RUNPATH_SEARCH_PATHS = "$(inherited) @executable_path/Frameworks";
				PRODUCT_BUNDLE_IDENTIFIER = "com.simonegaruglieri.Perchiazzi-Kong";
				PRODUCT_NAME = "$(TARGET_NAME)";
				SWIFT_VERSION = 4.0;
				TARGETED_DEVICE_FAMILY = "1,2";
			};
			name = Release;
		};
		FF53261A20514EFF00F498A1 /* Debug */ = {
			isa = XCBuildConfiguration;
			buildSettings = {
				ALWAYS_EMBED_SWIFT_STANDARD_LIBRARIES = YES;
				BUNDLE_LOADER = "$(TEST_HOST)";
				CODE_SIGN_STYLE = Automatic;
				DEVELOPMENT_TEAM = A3F6492EW5;
				INFOPLIST_FILE = "Perchiazzi KongTests/Info.plist";
				LD_RUNPATH_SEARCH_PATHS = "$(inherited) @executable_path/Frameworks @loader_path/Frameworks";
				PRODUCT_BUNDLE_IDENTIFIER = "com.simonegaruglieri.Perchiazzi-KongTests";
				PRODUCT_NAME = "$(TARGET_NAME)";
				SWIFT_VERSION = 4.0;
				TARGETED_DEVICE_FAMILY = "1,2";
				TEST_HOST = "$(BUILT_PRODUCTS_DIR)/Perchiazzi Kong.app/Perchiazzi Kong";
			};
			name = Debug;
		};
		FF53261B20514EFF00F498A1 /* Release */ = {
			isa = XCBuildConfiguration;
			buildSettings = {
				ALWAYS_EMBED_SWIFT_STANDARD_LIBRARIES = YES;
				BUNDLE_LOADER = "$(TEST_HOST)";
				CODE_SIGN_STYLE = Automatic;
				DEVELOPMENT_TEAM = A3F6492EW5;
				INFOPLIST_FILE = "Perchiazzi KongTests/Info.plist";
				LD_RUNPATH_SEARCH_PATHS = "$(inherited) @executable_path/Frameworks @loader_path/Frameworks";
				PRODUCT_BUNDLE_IDENTIFIER = "com.simonegaruglieri.Perchiazzi-KongTests";
				PRODUCT_NAME = "$(TARGET_NAME)";
				SWIFT_VERSION = 4.0;
				TARGETED_DEVICE_FAMILY = "1,2";
				TEST_HOST = "$(BUILT_PRODUCTS_DIR)/Perchiazzi Kong.app/Perchiazzi Kong";
			};
			name = Release;
		};
		FF53261D20514EFF00F498A1 /* Debug */ = {
			isa = XCBuildConfiguration;
			buildSettings = {
				ALWAYS_EMBED_SWIFT_STANDARD_LIBRARIES = YES;
				CODE_SIGN_STYLE = Automatic;
				DEVELOPMENT_TEAM = A3F6492EW5;
				INFOPLIST_FILE = "Perchiazzi KongUITests/Info.plist";
				LD_RUNPATH_SEARCH_PATHS = "$(inherited) @executable_path/Frameworks @loader_path/Frameworks";
				PRODUCT_BUNDLE_IDENTIFIER = "com.simonegaruglieri.Perchiazzi-KongUITests";
				PRODUCT_NAME = "$(TARGET_NAME)";
				SWIFT_VERSION = 4.0;
				TARGETED_DEVICE_FAMILY = "1,2";
				TEST_TARGET_NAME = "Perchiazzi Kong";
			};
			name = Debug;
		};
		FF53261E20514EFF00F498A1 /* Release */ = {
			isa = XCBuildConfiguration;
			buildSettings = {
				ALWAYS_EMBED_SWIFT_STANDARD_LIBRARIES = YES;
				CODE_SIGN_STYLE = Automatic;
				DEVELOPMENT_TEAM = A3F6492EW5;
				INFOPLIST_FILE = "Perchiazzi KongUITests/Info.plist";
				LD_RUNPATH_SEARCH_PATHS = "$(inherited) @executable_path/Frameworks @loader_path/Frameworks";
				PRODUCT_BUNDLE_IDENTIFIER = "com.simonegaruglieri.Perchiazzi-KongUITests";
				PRODUCT_NAME = "$(TARGET_NAME)";
				SWIFT_VERSION = 4.0;
				TARGETED_DEVICE_FAMILY = "1,2";
				TEST_TARGET_NAME = "Perchiazzi Kong";
			};
			name = Release;
		};
/* End XCBuildConfiguration section */

/* Begin XCConfigurationList section */
		FF5325E320514EFE00F498A1 /* Build configuration list for PBXProject "Perchiazzi Kong" */ = {
			isa = XCConfigurationList;
			buildConfigurations = (
				FF53261420514EFF00F498A1 /* Debug */,
				FF53261520514EFF00F498A1 /* Release */,
			);
			defaultConfigurationIsVisible = 0;
			defaultConfigurationName = Release;
		};
		FF53261620514EFF00F498A1 /* Build configuration list for PBXNativeTarget "Perchiazzi Kong" */ = {
			isa = XCConfigurationList;
			buildConfigurations = (
				FF53261720514EFF00F498A1 /* Debug */,
				FF53261820514EFF00F498A1 /* Release */,
			);
			defaultConfigurationIsVisible = 0;
			defaultConfigurationName = Release;
		};
		FF53261920514EFF00F498A1 /* Build configuration list for PBXNativeTarget "Perchiazzi KongTests" */ = {
			isa = XCConfigurationList;
			buildConfigurations = (
				FF53261A20514EFF00F498A1 /* Debug */,
				FF53261B20514EFF00F498A1 /* Release */,
			);
			defaultConfigurationIsVisible = 0;
			defaultConfigurationName = Release;
		};
		FF53261C20514EFF00F498A1 /* Build configuration list for PBXNativeTarget "Perchiazzi KongUITests" */ = {
			isa = XCConfigurationList;
			buildConfigurations = (
				FF53261D20514EFF00F498A1 /* Debug */,
				FF53261E20514EFF00F498A1 /* Release */,
			);
			defaultConfigurationIsVisible = 0;
			defaultConfigurationName = Release;
		};
/* End XCConfigurationList section */
	};
	rootObject = FF5325E020514EFE00F498A1 /* Project object */;
}
